
Microsoft Visual Studio Solution File, Format Version 12.00
# Visual Studio 15
VisualStudioVersion = 15.0.26730.10
MinimumVisualStudioVersion = 10.0.40219.1

Project("{D954291E-2A0B-460D-934E-DC6B0785DB48}") = "Tagalugan", "Tagalugan\Tagalugan\Tagalugan.shproj", "{64DA8AA7-5BF2-4B6F-A640-7ECAE171C65A}"
EndProject


Project("{FAE04EC0-301F-11D3-BF4B-00C04F79EFBC}") = "Tagalugan.iOS", "Tagalugan\Tagalugan.iOS\Tagalugan.iOS.csproj", "{C0745CCA-32D9-4ABA-A4B0-F02C3EEE4DCF}"
EndProject


Project("{FAE04EC0-301F-11D3-BF4B-00C04F79EFBC}") = "Tagalugan.Android", "Tagalugan\Tagalugan.Android\Tagalugan.Android.csproj", "{2E5DA7FC-3D2F-41EA-869E-C50101EB459E}"
EndProject

Project("{FAE04EC0-301F-11D3-BF4B-00C04F79EFBC}") = "Tagalugan.UWP", "Tagalugan\Tagalugan.UWP\Tagalugan.UWP.csproj", "{E1B44041-5E0D-4EDA-A695-3A97E5611982}"
EndProject

Global
	GlobalSection(SolutionConfigurationPlatforms) = preSolution
		Ad-Hoc|Any CPU = Ad-Hoc|Any CPU
		Ad-Hoc|ARM = Ad-Hoc|ARM
		Ad-Hoc|iPhone = Ad-Hoc|iPhone
		Ad-Hoc|iPhoneSimulator = Ad-Hoc|iPhoneSimulator
		Ad-Hoc|x64 = Ad-Hoc|x64
		Ad-Hoc|x86 = Ad-Hoc|x86
		AppStore|Any CPU = AppStore|Any CPU
		AppStore|ARM = AppStore|ARM
		AppStore|iPhone = AppStore|iPhone
		AppStore|iPhoneSimulator = AppStore|iPhoneSimulator
		AppStore|x64 = AppStore|x64
		AppStore|x86 = AppStore|x86
		Debug|Any CPU = Debug|Any CPU
		Debug|ARM = Debug|ARM
		Debug|iPhone = Debug|iPhone
		Debug|iPhoneSimulator = Debug|iPhoneSimulator
		Debug|x64 = Debug|x64
		Debug|x86 = Debug|x86
		Release|Any CPU = Release|Any CPU
		Release|ARM = Release|ARM
		Release|iPhone = Release|iPhone
		Release|iPhoneSimulator = Release|iPhoneSimulator
		Release|x64 = Release|x64
		Release|x86 = Release|x86
	EndGlobalSection
	GlobalSection(ProjectConfigurationPlatforms) = postSolution
		{861A3F67-CC72-4244-B510-711C5821C781}.Ad-Hoc|Any CPU.ActiveCfg = Debug|Any CPU
		{861A3F67-CC72-4244-B510-711C5821C781}.Ad-Hoc|Any CPU.Build.0 = Debug|Any CPU
		{861A3F67-CC72-4244-B510-711C5821C781}.Ad-Hoc|ARM.ActiveCfg = Debug|Any CPU
		{861A3F67-CC72-4244-B510-711C5821C781}.Ad-Hoc|ARM.Build.0 = Debug|Any CPU
		{861A3F67-CC72-4244-B510-711C5821C781}.Ad-Hoc|iPhone.ActiveCfg = Debug|Any CPU
		{861A3F67-CC72-4244-B510-711C5821C781}.Ad-Hoc|iPhone.Build.0 = Debug|Any CPU
		{861A3F67-CC72-4244-B510-711C5821C781}.Ad-Hoc|iPhoneSimulator.ActiveCfg = Debug|Any CPU
		{861A3F67-CC72-4244-B510-711C5821C781}.Ad-Hoc|iPhoneSimulator.Build.0 = Debug|Any CPU
		{861A3F67-CC72-4244-B510-711C5821C781}.Ad-Hoc|x64.ActiveCfg = Debug|Any CPU
		{861A3F67-CC72-4244-B510-711C5821C781}.Ad-Hoc|x64.Build.0 = Debug|Any CPU
		{861A3F67-CC72-4244-B510-711C5821C781}.Ad-Hoc|x86.ActiveCfg = Debug|Any CPU
		{861A3F67-CC72-4244-B510-711C5821C781}.Ad-Hoc|x86.Build.0 = Debug|Any CPU
		{861A3F67-CC72-4244-B510-711C5821C781}.AppStore|Any CPU.ActiveCfg = Debug|Any CPU
		{861A3F67-CC72-4244-B510-711C5821C781}.AppStore|Any CPU.Build.0 = Debug|Any CPU
		{861A3F67-CC72-4244-B510-711C5821C781}.AppStore|ARM.ActiveCfg = Debug|Any CPU
		{861A3F67-CC72-4244-B510-711C5821C781}.AppStore|ARM.Build.0 = Debug|Any CPU
		{861A3F67-CC72-4244-B510-711C5821C781}.AppStore|iPhone.ActiveCfg = Debug|Any CPU
		{861A3F67-CC72-4244-B510-711C5821C781}.AppStore|iPhone.Build.0 = Debug|Any CPU
		{861A3F67-CC72-4244-B510-711C5821C781}.AppStore|iPhoneSimulator.ActiveCfg = Debug|Any CPU
		{861A3F67-CC72-4244-B510-711C5821C781}.AppStore|iPhoneSimulator.Build.0 = Debug|Any CPU
		{861A3F67-CC72-4244-B510-711C5821C781}.AppStore|x64.ActiveCfg = Debug|Any CPU
		{861A3F67-CC72-4244-B510-711C5821C781}.AppStore|x64.Build.0 = Debug|Any CPU
		{861A3F67-CC72-4244-B510-711C5821C781}.AppStore|x86.ActiveCfg = Debug|Any CPU
		{861A3F67-CC72-4244-B510-711C5821C781}.AppStore|x86.Build.0 = Debug|Any CPU
		{861A3F67-CC72-4244-B510-711C5821C781}.Debug|Any CPU.ActiveCfg = Debug|Any CPU
		{861A3F67-CC72-4244-B510-711C5821C781}.Debug|Any CPU.Build.0 = Debug|Any CPU
		{861A3F67-CC72-4244-B510-711C5821C781}.Debug|ARM.ActiveCfg = Debug|Any CPU
		{861A3F67-CC72-4244-B510-711C5821C781}.Debug|ARM.Build.0 = Debug|Any CPU
		{861A3F67-CC72-4244-B510-711C5821C781}.Debug|iPhone.ActiveCfg = Debug|Any CPU
		{861A3F67-CC72-4244-B510-711C5821C781}.Debug|iPhone.Build.0 = Debug|Any CPU
		{861A3F67-CC72-4244-B510-711C5821C781}.Debug|iPhoneSimulator.ActiveCfg = Debug|Any CPU
		{861A3F67-CC72-4244-B510-711C5821C781}.Debug|iPhoneSimulator.Build.0 = Debug|Any CPU
		{861A3F67-CC72-4244-B510-711C5821C781}.Debug|x64.ActiveCfg = Debug|Any CPU
		{861A3F67-CC72-4244-B510-711C5821C781}.Debug|x64.Build.0 = Debug|Any CPU
		{861A3F67-CC72-4244-B510-711C5821C781}.Debug|x86.ActiveCfg = Debug|Any CPU
		{861A3F67-CC72-4244-B510-711C5821C781}.Debug|x86.Build.0 = Debug|Any CPU
		{861A3F67-CC72-4244-B510-711C5821C781}.Release|Any CPU.ActiveCfg = Release|Any CPU
		{861A3F67-CC72-4244-B510-711C5821C781}.Release|Any CPU.Build.0 = Release|Any CPU
		{861A3F67-CC72-4244-B510-711C5821C781}.Release|ARM.ActiveCfg = Release|Any CPU
		{861A3F67-CC72-4244-B510-711C5821C781}.Release|ARM.Build.0 = Release|Any CPU
		{861A3F67-CC72-4244-B510-711C5821C781}.Release|iPhone.ActiveCfg = Release|Any CPU
		{861A3F67-CC72-4244-B510-711C5821C781}.Release|iPhone.Build.0 = Release|Any CPU
		{861A3F67-CC72-4244-B510-711C5821C781}.Release|iPhoneSimulator.ActiveCfg = Release|Any CPU
		{861A3F67-CC72-4244-B510-711C5821C781}.Release|iPhoneSimulator.Build.0 = Release|Any CPU
		{861A3F67-CC72-4244-B510-711C5821C781}.Release|x64.ActiveCfg = Release|Any CPU
		{861A3F67-CC72-4244-B510-711C5821C781}.Release|x64.Build.0 = Release|Any CPU
		{861A3F67-CC72-4244-B510-711C5821C781}.Release|x86.ActiveCfg = Release|Any CPU
		{861A3F67-CC72-4244-B510-711C5821C781}.Release|x86.Build.0 = Release|Any CPU
		{C0745CCA-32D9-4ABA-A4B0-F02C3EEE4DCF}.Ad-Hoc|Any CPU.ActiveCfg = Ad-Hoc|iPhone
		{C0745CCA-32D9-4ABA-A4B0-F02C3EEE4DCF}.Ad-Hoc|ARM.ActiveCfg = Ad-Hoc|iPhone
		{C0745CCA-32D9-4ABA-A4B0-F02C3EEE4DCF}.Ad-Hoc|iPhone.ActiveCfg = Ad-Hoc|iPhone
		{C0745CCA-32D9-4ABA-A4B0-F02C3EEE4DCF}.Ad-Hoc|iPhone.Build.0 = Ad-Hoc|iPhone
		{C0745CCA-32D9-4ABA-A4B0-F02C3EEE4DCF}.Ad-Hoc|iPhoneSimulator.ActiveCfg = Ad-Hoc|iPhoneSimulator
		{C0745CCA-32D9-4ABA-A4B0-F02C3EEE4DCF}.Ad-Hoc|iPhoneSimulator.Build.0 = Ad-Hoc|iPhoneSimulator
		{C0745CCA-32D9-4ABA-A4B0-F02C3EEE4DCF}.Ad-Hoc|x64.ActiveCfg = Ad-Hoc|iPhone
		{C0745CCA-32D9-4ABA-A4B0-F02C3EEE4DCF}.Ad-Hoc|x86.ActiveCfg = Ad-Hoc|iPhone
		{C0745CCA-32D9-4ABA-A4B0-F02C3EEE4DCF}.AppStore|Any CPU.ActiveCfg = AppStore|iPhone
		{C0745CCA-32D9-4ABA-A4B0-F02C3EEE4DCF}.AppStore|ARM.ActiveCfg = AppStore|iPhone
		{C0745CCA-32D9-4ABA-A4B0-F02C3EEE4DCF}.AppStore|iPhone.ActiveCfg = AppStore|iPhone
		{C0745CCA-32D9-4ABA-A4B0-F02C3EEE4DCF}.AppStore|iPhone.Build.0 = AppStore|iPhone
		{C0745CCA-32D9-4ABA-A4B0-F02C3EEE4DCF}.AppStore|iPhoneSimulator.ActiveCfg = AppStore|iPhoneSimulator
		{C0745CCA-32D9-4ABA-A4B0-F02C3EEE4DCF}.AppStore|iPhoneSimulator.Build.0 = AppStore|iPhoneSimulator
		{C0745CCA-32D9-4ABA-A4B0-F02C3EEE4DCF}.AppStore|x64.ActiveCfg = AppStore|iPhone
		{C0745CCA-32D9-4ABA-A4B0-F02C3EEE4DCF}.AppStore|x86.ActiveCfg = AppStore|iPhone
		{C0745CCA-32D9-4ABA-A4B0-F02C3EEE4DCF}.Debug|Any CPU.ActiveCfg = Debug|iPhone
		{C0745CCA-32D9-4ABA-A4B0-F02C3EEE4DCF}.Debug|ARM.ActiveCfg = Debug|iPhone
		{C0745CCA-32D9-4ABA-A4B0-F02C3EEE4DCF}.Debug|iPhone.ActiveCfg = Debug|iPhone
		{C0745CCA-32D9-4ABA-A4B0-F02C3EEE4DCF}.Debug|iPhone.Build.0 = Debug|iPhone
		{C0745CCA-32D9-4ABA-A4B0-F02C3EEE4DCF}.Debug|iPhoneSimulator.ActiveCfg = Debug|iPhoneSimulator
		{C0745CCA-32D9-4ABA-A4B0-F02C3EEE4DCF}.Debug|iPhoneSimulator.Build.0 = Debug|iPhoneSimulator
		{C0745CCA-32D9-4ABA-A4B0-F02C3EEE4DCF}.Debug|x64.ActiveCfg = Debug|iPhone
		{C0745CCA-32D9-4ABA-A4B0-F02C3EEE4DCF}.Debug|x86.ActiveCfg = Debug|iPhone
		{C0745CCA-32D9-4ABA-A4B0-F02C3EEE4DCF}.Release|Any CPU.ActiveCfg = Release|iPhone
		{C0745CCA-32D9-4ABA-A4B0-F02C3EEE4DCF}.Release|ARM.ActiveCfg = Release|iPhone
		{C0745CCA-32D9-4ABA-A4B0-F02C3EEE4DCF}.Release|iPhone.ActiveCfg = Release|iPhone
		{C0745CCA-32D9-4ABA-A4B0-F02C3EEE4DCF}.Release|iPhone.Build.0 = Release|iPhone
		{C0745CCA-32D9-4ABA-A4B0-F02C3EEE4DCF}.Release|iPhoneSimulator.ActiveCfg = Release|iPhoneSimulator
		{C0745CCA-32D9-4ABA-A4B0-F02C3EEE4DCF}.Release|iPhoneSimulator.Build.0 = Release|iPhoneSimulator
		{C0745CCA-32D9-4ABA-A4B0-F02C3EEE4DCF}.Release|x64.ActiveCfg = Release|iPhone
		{C0745CCA-32D9-4ABA-A4B0-F02C3EEE4DCF}.Release|x86.ActiveCfg = Release|iPhone
		{E1B44041-5E0D-4EDA-A695-3A97E5611982}.Ad-Hoc|Any CPU.ActiveCfg = Release|x86
		{E1B44041-5E0D-4EDA-A695-3A97E5611982}.Ad-Hoc|Any CPU.Build.0 = Release|x86
		{E1B44041-5E0D-4EDA-A695-3A97E5611982}.Ad-Hoc|Any CPU.Deploy.0 = Release|x86
		{E1B44041-5E0D-4EDA-A695-3A97E5611982}.Ad-Hoc|ARM.ActiveCfg = Release|ARM
		{E1B44041-5E0D-4EDA-A695-3A97E5611982}.Ad-Hoc|ARM.Build.0 = Release|ARM
		{E1B44041-5E0D-4EDA-A695-3A97E5611982}.Ad-Hoc|ARM.Deploy.0 = Release|ARM
		{E1B44041-5E0D-4EDA-A695-3A97E5611982}.Ad-Hoc|iPhone.ActiveCfg = Release|x86
		{E1B44041-5E0D-4EDA-A695-3A97E5611982}.Ad-Hoc|iPhone.Build.0 = Release|x86
		{E1B44041-5E0D-4EDA-A695-3A97E5611982}.Ad-Hoc|iPhone.Deploy.0 = Release|x86
		{E1B44041-5E0D-4EDA-A695-3A97E5611982}.Ad-Hoc|iPhoneSimulator.ActiveCfg = Release|x86
		{E1B44041-5E0D-4EDA-A695-3A97E5611982}.Ad-Hoc|iPhoneSimulator.Build.0 = Release|x86
		{E1B44041-5E0D-4EDA-A695-3A97E5611982}.Ad-Hoc|iPhoneSimulator.Deploy.0 = Release|x86
		{E1B44041-5E0D-4EDA-A695-3A97E5611982}.Ad-Hoc|x64.ActiveCfg = Release|x64
		{E1B44041-5E0D-4EDA-A695-3A97E5611982}.Ad-Hoc|x64.Build.0 = Release|x64
		{E1B44041-5E0D-4EDA-A695-3A97E5611982}.Ad-Hoc|x64.Deploy.0 = Release|x64
		{E1B44041-5E0D-4EDA-A695-3A97E5611982}.Ad-Hoc|x86.ActiveCfg = Release|x86
		{E1B44041-5E0D-4EDA-A695-3A97E5611982}.Ad-Hoc|x86.Build.0 = Release|x86
		{E1B44041-5E0D-4EDA-A695-3A97E5611982}.Ad-Hoc|x86.Deploy.0 = Release|x86
		{E1B44041-5E0D-4EDA-A695-3A97E5611982}.AppStore|Any CPU.ActiveCfg = Release|x86
		{E1B44041-5E0D-4EDA-A695-3A97E5611982}.AppStore|Any CPU.Build.0 = Release|x86
		{E1B44041-5E0D-4EDA-A695-3A97E5611982}.AppStore|Any CPU.Deploy.0 = Release|x86
		{E1B44041-5E0D-4EDA-A695-3A97E5611982}.AppStore|ARM.ActiveCfg = Release|ARM
		{E1B44041-5E0D-4EDA-A695-3A97E5611982}.AppStore|ARM.Build.0 = Release|ARM
		{E1B44041-5E0D-4EDA-A695-3A97E5611982}.AppStore|ARM.Deploy.0 = Release|ARM
		{E1B44041-5E0D-4EDA-A695-3A97E5611982}.AppStore|iPhone.ActiveCfg = Release|x86
		{E1B44041-5E0D-4EDA-A695-3A97E5611982}.AppStore|iPhone.Build.0 = Release|x86
		{E1B44041-5E0D-4EDA-A695-3A97E5611982}.AppStore|iPhone.Deploy.0 = Release|x86
		{E1B44041-5E0D-4EDA-A695-3A97E5611982}.AppStore|iPhoneSimulator.ActiveCfg = Release|x86
		{E1B44041-5E0D-4EDA-A695-3A97E5611982}.AppStore|iPhoneSimulator.Build.0 = Release|x86
		{E1B44041-5E0D-4EDA-A695-3A97E5611982}.AppStore|iPhoneSimulator.Deploy.0 = Release|x86
		{E1B44041-5E0D-4EDA-A695-3A97E5611982}.AppStore|x64.ActiveCfg = Release|x64
		{E1B44041-5E0D-4EDA-A695-3A97E5611982}.AppStore|x64.Build.0 = Release|x64
		{E1B44041-5E0D-4EDA-A695-3A97E5611982}.AppStore|x64.Deploy.0 = Release|x64
		{E1B44041-5E0D-4EDA-A695-3A97E5611982}.AppStore|x86.ActiveCfg = Release|x86
		{E1B44041-5E0D-4EDA-A695-3A97E5611982}.AppStore|x86.Build.0 = Release|x86
		{E1B44041-5E0D-4EDA-A695-3A97E5611982}.AppStore|x86.Deploy.0 = Release|x86
		{E1B44041-5E0D-4EDA-A695-3A97E5611982}.Debug|Any CPU.ActiveCfg = Debug|x86
		{E1B44041-5E0D-4EDA-A695-3A97E5611982}.Debug|ARM.ActiveCfg = Debug|ARM
		{E1B44041-5E0D-4EDA-A695-3A97E5611982}.Debug|ARM.Build.0 = Debug|ARM
		{E1B44041-5E0D-4EDA-A695-3A97E5611982}.Debug|ARM.Deploy.0 = Debug|ARM
		{E1B44041-5E0D-4EDA-A695-3A97E5611982}.Debug|iPhone.ActiveCfg = Debug|x86
		{E1B44041-5E0D-4EDA-A695-3A97E5611982}.Debug|iPhoneSimulator.ActiveCfg = Debug|x86
		{E1B44041-5E0D-4EDA-A695-3A97E5611982}.Debug|x64.ActiveCfg = Debug|x64
		{E1B44041-5E0D-4EDA-A695-3A97E5611982}.Debug|x64.Build.0 = Debug|x64
		{E1B44041-5E0D-4EDA-A695-3A97E5611982}.Debug|x64.Deploy.0 = Debug|x64
		{E1B44041-5E0D-4EDA-A695-3A97E5611982}.Debug|x86.ActiveCfg = Debug|x86
		{E1B44041-5E0D-4EDA-A695-3A97E5611982}.Debug|x86.Build.0 = Debug|x86
		{E1B44041-5E0D-4EDA-A695-3A97E5611982}.Debug|x86.Deploy.0 = Debug|x86
		{E1B44041-5E0D-4EDA-A695-3A97E5611982}.Release|Any CPU.ActiveCfg = Release|x86
		{E1B44041-5E0D-4EDA-A695-3A97E5611982}.Release|ARM.ActiveCfg = Release|ARM
		{E1B44041-5E0D-4EDA-A695-3A97E5611982}.Release|ARM.Build.0 = Release|ARM
		{E1B44041-5E0D-4EDA-A695-3A97E5611982}.Release|ARM.Deploy.0 = Release|ARM
		{E1B44041-5E0D-4EDA-A695-3A97E5611982}.Release|iPhone.ActiveCfg = Release|x86
		{E1B44041-5E0D-4EDA-A695-3A97E5611982}.Release|iPhoneSimulator.ActiveCfg = Release|x86
		{E1B44041-5E0D-4EDA-A695-3A97E5611982}.Release|x64.ActiveCfg = Release|x64
		{E1B44041-5E0D-4EDA-A695-3A97E5611982}.Release|x64.Build.0 = Release|x64
		{E1B44041-5E0D-4EDA-A695-3A97E5611982}.Release|x64.Deploy.0 = Release|x64
		{E1B44041-5E0D-4EDA-A695-3A97E5611982}.Release|x86.ActiveCfg = Release|x86
		{E1B44041-5E0D-4EDA-A695-3A97E5611982}.Release|x86.Build.0 = Release|x86
		{E1B44041-5E0D-4EDA-A695-3A97E5611982}.Release|x86.Deploy.0 = Release|x86
		{20FDA6ED-B68E-4610-807B-F358668F181E}.Ad-Hoc|Any CPU.ActiveCfg = Release|Any CPU
		{20FDA6ED-B68E-4610-807B-F358668F181E}.Ad-Hoc|Any CPU.Build.0 = Release|Any CPU
		{20FDA6ED-B68E-4610-807B-F358668F181E}.Ad-Hoc|Any CPU.Deploy.0 = Release|Any CPU
		{20FDA6ED-B68E-4610-807B-F358668F181E}.Ad-Hoc|ARM.ActiveCfg = Release|Any CPU
		{20FDA6ED-B68E-4610-807B-F358668F181E}.Ad-Hoc|ARM.Build.0 = Release|Any CPU
		{20FDA6ED-B68E-4610-807B-F358668F181E}.Ad-Hoc|ARM.Deploy.0 = Release|Any CPU
		{20FDA6ED-B68E-4610-807B-F358668F181E}.Ad-Hoc|iPhone.ActiveCfg = Release|Any CPU
		{20FDA6ED-B68E-4610-807B-F358668F181E}.Ad-Hoc|iPhone.Build.0 = Release|Any CPU
		{20FDA6ED-B68E-4610-807B-F358668F181E}.Ad-Hoc|iPhone.Deploy.0 = Release|Any CPU
		{20FDA6ED-B68E-4610-807B-F358668F181E}.Ad-Hoc|iPhoneSimulator.ActiveCfg = Release|Any CPU
		{20FDA6ED-B68E-4610-807B-F358668F181E}.Ad-Hoc|iPhoneSimulator.Build.0 = Release|Any CPU
		{20FDA6ED-B68E-4610-807B-F358668F181E}.Ad-Hoc|iPhoneSimulator.Deploy.0 = Release|Any CPU
		{20FDA6ED-B68E-4610-807B-F358668F181E}.Ad-Hoc|x64.ActiveCfg = Release|Any CPU
		{20FDA6ED-B68E-4610-807B-F358668F181E}.Ad-Hoc|x64.Build.0 = Release|Any CPU
		{20FDA6ED-B68E-4610-807B-F358668F181E}.Ad-Hoc|x64.Deploy.0 = Release|Any CPU
		{20FDA6ED-B68E-4610-807B-F358668F181E}.Ad-Hoc|x86.ActiveCfg = Release|Any CPU
		{20FDA6ED-B68E-4610-807B-F358668F181E}.Ad-Hoc|x86.Build.0 = Release|Any CPU
		{20FDA6ED-B68E-4610-807B-F358668F181E}.Ad-Hoc|x86.Deploy.0 = Release|Any CPU
		{20FDA6ED-B68E-4610-807B-F358668F181E}.AppStore|Any CPU.ActiveCfg = Release|Any CPU
		{20FDA6ED-B68E-4610-807B-F358668F181E}.AppStore|Any CPU.Build.0 = Release|Any CPU
		{20FDA6ED-B68E-4610-807B-F358668F181E}.AppStore|Any CPU.Deploy.0 = Release|Any CPU
		{20FDA6ED-B68E-4610-807B-F358668F181E}.AppStore|ARM.ActiveCfg = Release|Any CPU
		{20FDA6ED-B68E-4610-807B-F358668F181E}.AppStore|ARM.Build.0 = Release|Any CPU
		{20FDA6ED-B68E-4610-807B-F358668F181E}.AppStore|ARM.Deploy.0 = Release|Any CPU
		{20FDA6ED-B68E-4610-807B-F358668F181E}.AppStore|iPhone.ActiveCfg = Release|Any CPU
		{20FDA6ED-B68E-4610-807B-F358668F181E}.AppStore|iPhone.Build.0 = Release|Any CPU
		{20FDA6ED-B68E-4610-807B-F358668F181E}.AppStore|iPhone.Deploy.0 = Release|Any CPU
		{20FDA6ED-B68E-4610-807B-F358668F181E}.AppStore|iPhoneSimulator.ActiveCfg = Release|Any CPU
		{20FDA6ED-B68E-4610-807B-F358668F181E}.AppStore|iPhoneSimulator.Build.0 = Release|Any CPU
		{20FDA6ED-B68E-4610-807B-F358668F181E}.AppStore|iPhoneSimulator.Deploy.0 = Release|Any CPU
		{20FDA6ED-B68E-4610-807B-F358668F181E}.AppStore|x64.ActiveCfg = Release|Any CPU
		{20FDA6ED-B68E-4610-807B-F358668F181E}.AppStore|x64.Build.0 = Release|Any CPU
		{20FDA6ED-B68E-4610-807B-F358668F181E}.AppStore|x64.Deploy.0 = Release|Any CPU
		{20FDA6ED-B68E-4610-807B-F358668F181E}.AppStore|x86.ActiveCfg = Release|Any CPU
		{20FDA6ED-B68E-4610-807B-F358668F181E}.AppStore|x86.Build.0 = Release|Any CPU
		{20FDA6ED-B68E-4610-807B-F358668F181E}.AppStore|x86.Deploy.0 = Release|Any CPU
		{20FDA6ED-B68E-4610-807B-F358668F181E}.Debug|Any CPU.ActiveCfg = Debug|Any CPU
		{20FDA6ED-B68E-4610-807B-F358668F181E}.Debug|Any CPU.Build.0 = Debug|Any CPU
		{20FDA6ED-B68E-4610-807B-F358668F181E}.Debug|Any CPU.Deploy.0 = Debug|Any CPU
		{20FDA6ED-B68E-4610-807B-F358668F181E}.Debug|ARM.ActiveCfg = Debug|Any CPU
		{20FDA6ED-B68E-4610-807B-F358668F181E}.Debug|ARM.Build.0 = Debug|Any CPU
		{20FDA6ED-B68E-4610-807B-F358668F181E}.Debug|ARM.Deploy.0 = Debug|Any CPU
		{20FDA6ED-B68E-4610-807B-F358668F181E}.Debug|iPhone.ActiveCfg = Debug|Any CPU
		{20FDA6ED-B68E-4610-807B-F358668F181E}.Debug|iPhone.Build.0 = Debug|Any CPU
		{20FDA6ED-B68E-4610-807B-F358668F181E}.Debug|iPhone.Deploy.0 = Debug|Any CPU
		{20FDA6ED-B68E-4610-807B-F358668F181E}.Debug|iPhoneSimulator.ActiveCfg = Debug|Any CPU
		{20FDA6ED-B68E-4610-807B-F358668F181E}.Debug|iPhoneSimulator.Build.0 = Debug|Any CPU
		{20FDA6ED-B68E-4610-807B-F358668F181E}.Debug|iPhoneSimulator.Deploy.0 = Debug|Any CPU
		{20FDA6ED-B68E-4610-807B-F358668F181E}.Debug|x64.ActiveCfg = Debug|Any CPU
		{20FDA6ED-B68E-4610-807B-F358668F181E}.Debug|x64.Build.0 = Debug|Any CPU
		{20FDA6ED-B68E-4610-807B-F358668F181E}.Debug|x64.Deploy.0 = Debug|Any CPU
		{20FDA6ED-B68E-4610-807B-F358668F181E}.Debug|x86.ActiveCfg = Debug|Any CPU
		{20FDA6ED-B68E-4610-807B-F358668F181E}.Debug|x86.Build.0 = Debug|Any CPU
		{20FDA6ED-B68E-4610-807B-F358668F181E}.Debug|x86.Deploy.0 = Debug|Any CPU
		{20FDA6ED-B68E-4610-807B-F358668F181E}.Release|Any CPU.ActiveCfg = Release|Any CPU
		{20FDA6ED-B68E-4610-807B-F358668F181E}.Release|Any CPU.Build.0 = Release|Any CPU
		{20FDA6ED-B68E-4610-807B-F358668F181E}.Release|Any CPU.Deploy.0 = Release|Any CPU
		{20FDA6ED-B68E-4610-807B-F358668F181E}.Release|ARM.ActiveCfg = Release|Any CPU
		{20FDA6ED-B68E-4610-807B-F358668F181E}.Release|ARM.Build.0 = Release|Any CPU
		{20FDA6ED-B68E-4610-807B-F358668F181E}.Release|ARM.Deploy.0 = Release|Any CPU
		{20FDA6ED-B68E-4610-807B-F358668F181E}.Release|iPhone.ActiveCfg = Release|Any CPU
		{20FDA6ED-B68E-4610-807B-F358668F181E}.Release|iPhone.Build.0 = Release|Any CPU
		{20FDA6ED-B68E-4610-807B-F358668F181E}.Release|iPhone.Deploy.0 = Release|Any CPU
		{20FDA6ED-B68E-4610-807B-F358668F181E}.Release|iPhoneSimulator.ActiveCfg = Release|Any CPU
		{20FDA6ED-B68E-4610-807B-F358668F181E}.Release|iPhoneSimulator.Build.0 = Release|Any CPU
		{20FDA6ED-B68E-4610-807B-F358668F181E}.Release|iPhoneSimulator.Deploy.0 = Release|Any CPU
		{20FDA6ED-B68E-4610-807B-F358668F181E}.Release|x64.ActiveCfg = Release|Any CPU
		{20FDA6ED-B68E-4610-807B-F358668F181E}.Release|x64.Build.0 = Release|Any CPU
		{20FDA6ED-B68E-4610-807B-F358668F181E}.Release|x64.Deploy.0 = Release|Any CPU
		{20FDA6ED-B68E-4610-807B-F358668F181E}.Release|x86.ActiveCfg = Release|Any CPU
		{20FDA6ED-B68E-4610-807B-F358668F181E}.Release|x86.Build.0 = Release|Any CPU
		{20FDA6ED-B68E-4610-807B-F358668F181E}.Release|x86.Deploy.0 = Release|Any CPU
		{B445DF73-AC9E-4276-9FBA-7CB5AD5D2518}.Ad-Hoc|Any CPU.ActiveCfg = Release|Any CPU
		{B445DF73-AC9E-4276-9FBA-7CB5AD5D2518}.Ad-Hoc|Any CPU.Build.0 = Release|Any CPU
		{B445DF73-AC9E-4276-9FBA-7CB5AD5D2518}.Ad-Hoc|ARM.ActiveCfg = Release|Any CPU
		{B445DF73-AC9E-4276-9FBA-7CB5AD5D2518}.Ad-Hoc|ARM.Build.0 = Release|Any CPU
		{B445DF73-AC9E-4276-9FBA-7CB5AD5D2518}.Ad-Hoc|iPhone.ActiveCfg = Release|Any CPU
		{B445DF73-AC9E-4276-9FBA-7CB5AD5D2518}.Ad-Hoc|iPhone.Build.0 = Release|Any CPU
		{B445DF73-AC9E-4276-9FBA-7CB5AD5D2518}.Ad-Hoc|iPhoneSimulator.ActiveCfg = Release|Any CPU
		{B445DF73-AC9E-4276-9FBA-7CB5AD5D2518}.Ad-Hoc|iPhoneSimulator.Build.0 = Release|Any CPU
		{B445DF73-AC9E-4276-9FBA-7CB5AD5D2518}.Ad-Hoc|x64.ActiveCfg = Release|Any CPU
		{B445DF73-AC9E-4276-9FBA-7CB5AD5D2518}.Ad-Hoc|x64.Build.0 = Release|Any CPU
		{B445DF73-AC9E-4276-9FBA-7CB5AD5D2518}.Ad-Hoc|x86.ActiveCfg = Release|Any CPU
		{B445DF73-AC9E-4276-9FBA-7CB5AD5D2518}.Ad-Hoc|x86.Build.0 = Release|Any CPU
		{B445DF73-AC9E-4276-9FBA-7CB5AD5D2518}.AppStore|Any CPU.ActiveCfg = Release|Any CPU
		{B445DF73-AC9E-4276-9FBA-7CB5AD5D2518}.AppStore|Any CPU.Build.0 = Release|Any CPU
		{B445DF73-AC9E-4276-9FBA-7CB5AD5D2518}.AppStore|ARM.ActiveCfg = Release|Any CPU
		{B445DF73-AC9E-4276-9FBA-7CB5AD5D2518}.AppStore|ARM.Build.0 = Release|Any CPU
		{B445DF73-AC9E-4276-9FBA-7CB5AD5D2518}.AppStore|iPhone.ActiveCfg = Release|Any CPU
		{B445DF73-AC9E-4276-9FBA-7CB5AD5D2518}.AppStore|iPhone.Build.0 = Release|Any CPU
		{B445DF73-AC9E-4276-9FBA-7CB5AD5D2518}.AppStore|iPhoneSimulator.ActiveCfg = Release|Any CPU
		{B445DF73-AC9E-4276-9FBA-7CB5AD5D2518}.AppStore|iPhoneSimulator.Build.0 = Release|Any CPU
		{B445DF73-AC9E-4276-9FBA-7CB5AD5D2518}.AppStore|x64.ActiveCfg = Release|Any CPU
		{B445DF73-AC9E-4276-9FBA-7CB5AD5D2518}.AppStore|x64.Build.0 = Release|Any CPU
		{B445DF73-AC9E-4276-9FBA-7CB5AD5D2518}.AppStore|x86.ActiveCfg = Release|Any CPU
		{B445DF73-AC9E-4276-9FBA-7CB5AD5D2518}.AppStore|x86.Build.0 = Release|Any CPU
		{B445DF73-AC9E-4276-9FBA-7CB5AD5D2518}.Debug|Any CPU.ActiveCfg = Debug|Any CPU
		{B445DF73-AC9E-4276-9FBA-7CB5AD5D2518}.Debug|Any CPU.Build.0 = Debug|Any CPU
		{B445DF73-AC9E-4276-9FBA-7CB5AD5D2518}.Debug|ARM.ActiveCfg = Debug|Any CPU
		{B445DF73-AC9E-4276-9FBA-7CB5AD5D2518}.Debug|ARM.Build.0 = Debug|Any CPU
		{B445DF73-AC9E-4276-9FBA-7CB5AD5D2518}.Debug|iPhone.ActiveCfg = Debug|Any CPU
		{B445DF73-AC9E-4276-9FBA-7CB5AD5D2518}.Debug|iPhone.Build.0 = Debug|Any CPU
		{B445DF73-AC9E-4276-9FBA-7CB5AD5D2518}.Debug|iPhoneSimulator.ActiveCfg = Debug|Any CPU
		{B445DF73-AC9E-4276-9FBA-7CB5AD5D2518}.Debug|iPhoneSimulator.Build.0 = Debug|Any CPU
		{B445DF73-AC9E-4276-9FBA-7CB5AD5D2518}.Debug|x64.ActiveCfg = Debug|Any CPU
		{B445DF73-AC9E-4276-9FBA-7CB5AD5D2518}.Debug|x64.Build.0 = Debug|Any CPU
		{B445DF73-AC9E-4276-9FBA-7CB5AD5D2518}.Debug|x86.ActiveCfg = Debug|Any CPU
		{B445DF73-AC9E-4276-9FBA-7CB5AD5D2518}.Debug|x86.Build.0 = Debug|Any CPU
		{B445DF73-AC9E-4276-9FBA-7CB5AD5D2518}.Release|Any CPU.ActiveCfg = Release|Any CPU
		{B445DF73-AC9E-4276-9FBA-7CB5AD5D2518}.Release|Any CPU.Build.0 = Release|Any CPU
		{B445DF73-AC9E-4276-9FBA-7CB5AD5D2518}.Release|ARM.ActiveCfg = Release|Any CPU
		{B445DF73-AC9E-4276-9FBA-7CB5AD5D2518}.Release|ARM.Build.0 = Release|Any CPU
		{B445DF73-AC9E-4276-9FBA-7CB5AD5D2518}.Release|iPhone.ActiveCfg = Release|Any CPU
		{B445DF73-AC9E-4276-9FBA-7CB5AD5D2518}.Release|iPhone.Build.0 = Release|Any CPU
		{B445DF73-AC9E-4276-9FBA-7CB5AD5D2518}.Release|iPhoneSimulator.ActiveCfg = Release|Any CPU
		{B445DF73-AC9E-4276-9FBA-7CB5AD5D2518}.Release|iPhoneSimulator.Build.0 = Release|Any CPU
		{B445DF73-AC9E-4276-9FBA-7CB5AD5D2518}.Release|x64.ActiveCfg = Release|Any CPU
		{B445DF73-AC9E-4276-9FBA-7CB5AD5D2518}.Release|x64.Build.0 = Release|Any CPU
		{B445DF73-AC9E-4276-9FBA-7CB5AD5D2518}.Release|x86.ActiveCfg = Release|Any CPU
		{B445DF73-AC9E-4276-9FBA-7CB5AD5D2518}.Release|x86.Build.0 = Release|Any CPU
	EndGlobalSection
	GlobalSection(SolutionProperties) = preSolution
		HideSolutionNode = FALSE
	EndGlobalSection
	GlobalSection(ExtensibilityGlobals) = postSolution
		SolutionGuid = {F6D05029-56B8-4E45-AF2D-0E76295DDBA2}
	EndGlobalSection
EndGlobal
