
Microsoft Visual Studio Solution File, Format Version 12.00
# Visual Studio 15
VisualStudioVersion = 15.0.27428.2043
MinimumVisualStudioVersion = 10.0.40219.1
Project("{FAE04EC0-301F-11D3-BF4B-00C04F79EFBC}") = "Wikain", "Wikain\Wikain.csproj", "{D6F16B9C-1835-4305-93CA-EC5A91088679}"
EndProject
Global
	GlobalSection(SolutionConfigurationPlatforms) = preSolution
		Debug|Any CPU = Debug|Any CPU
		Release|Any CPU = Release|Any CPU
	EndGlobalSection
	GlobalSection(ProjectConfigurationPlatforms) = postSolution
		{D6F16B9C-1835-4305-93CA-EC5A91088679}.Debug|Any CPU.ActiveCfg = Debug|Any CPU
		{D6F16B9C-1835-4305-93CA-EC5A91088679}.Debug|Any CPU.Build.0 = Debug|Any CPU
		{D6F16B9C-1835-4305-93CA-EC5A91088679}.Release|Any CPU.ActiveCfg = Release|Any CPU
		{D6F16B9C-1835-4305-93CA-EC5A91088679}.Release|Any CPU.Build.0 = Release|Any CPU
	EndGlobalSection
	GlobalSection(SolutionProperties) = preSolution
		HideSolutionNode = FALSE
	EndGlobalSection
	GlobalSection(ExtensibilityGlobals) = postSolution
		SolutionGuid = {AE599FDD-A09D-4094-8EB3-24844272D998}
	EndGlobalSection
EndGlobal
