
Microsoft Visual Studio Solution File, Format Version 12.00
# Visual Studio 15
VisualStudioVersion = 15.0.27428.2043
MinimumVisualStudioVersion = 10.0.40219.1
Project("{9A19103F-16F7-4668-BE54-9A1E7A4F7556}") = "Wikain", "Wikain\Wikain.csproj", "{D6F16B9C-1835-4305-93CA-EC5A91088679}"
EndProject
Project("{FAE04EC0-301F-11D3-BF4B-00C04F79EFBC}") = "Tagalugan.Android", "Tagalugan\Tagalugan.Android\Tagalugan.Android.csproj", "{2E5DA7FC-3D2F-41EA-869E-C50101EB459E}"
EndProject
Project("{FAE04EC0-301F-11D3-BF4B-00C04F79EFBC}") = "Tagalugan.iOS", "Tagalugan\Tagalugan.iOS\Tagalugan.iOS.csproj", "{C0745CCA-32D9-4ABA-A4B0-F02C3EEE4DCF}"
EndProject
Project("{FAE04EC0-301F-11D3-BF4B-00C04F79EFBC}") = "Tagalugan.UWP", "Tagalugan\Tagalugan.UWP\Tagalugan.UWP.csproj", "{E1B44041-5E0D-4EDA-A695-3A97E5611982}"
EndProject
Project("{D954291E-2A0B-460D-934E-DC6B0785DB48}") = "Tagalugan", "Tagalugan\Tagalugan\Tagalugan.shproj", "{64DA8AA7-5BF2-4B6F-A640-7ECAE171C65A}"
EndProject
Project("{9A19103F-16F7-4668-BE54-9A1E7A4F7556}") = "katagaluganAPI", "katagaluganAPI\katagaluganAPI.csproj", "{E0BCD1CB-11F9-4A26-82AF-56A437358548}"
EndProject
Global
	GlobalSection(SharedMSBuildProjectFiles) = preSolution
		Tagalugan\Tagalugan\Tagalugan.projitems*{2e5da7fc-3d2f-41ea-869e-c50101eb459e}*SharedItemsImports = 4
		Tagalugan\Tagalugan\Tagalugan.projitems*{64da8aa7-5bf2-4b6f-a640-7ecae171c65a}*SharedItemsImports = 13
		Tagalugan\Tagalugan\Tagalugan.projitems*{c0745cca-32d9-4aba-a4b0-f02c3eee4dcf}*SharedItemsImports = 4
		Tagalugan\Tagalugan\Tagalugan.projitems*{e1b44041-5e0d-4eda-a695-3a97e5611982}*SharedItemsImports = 4
	EndGlobalSection
	GlobalSection(SolutionConfigurationPlatforms) = preSolution
		Ad-Hoc|Any CPU = Ad-Hoc|Any CPU
		Ad-Hoc|ARM = Ad-Hoc|ARM
		Ad-Hoc|iPhone = Ad-Hoc|iPhone
		Ad-Hoc|iPhoneSimulator = Ad-Hoc|iPhoneSimulator
		Ad-Hoc|x64 = Ad-Hoc|x64
		Ad-Hoc|x86 = Ad-Hoc|x86
		AppStore|Any CPU = AppStore|Any CPU
		AppStore|ARM = AppStore|ARM
		AppStore|iPhone = AppStore|iPhone
		AppStore|iPhoneSimulator = AppStore|iPhoneSimulator
		AppStore|x64 = AppStore|x64
		AppStore|x86 = AppStore|x86
		Debug|Any CPU = Debug|Any CPU
		Debug|ARM = Debug|ARM
		Debug|iPhone = Debug|iPhone
		Debug|iPhoneSimulator = Debug|iPhoneSimulator
		Debug|x64 = Debug|x64
		Debug|x86 = Debug|x86
		Release|Any CPU = Release|Any CPU
		Release|ARM = Release|ARM
		Release|iPhone = Release|iPhone
		Release|iPhoneSimulator = Release|iPhoneSimulator
		Release|x64 = Release|x64
		Release|x86 = Release|x86
	EndGlobalSection
	GlobalSection(ProjectConfigurationPlatforms) = postSolution
		{D6F16B9C-1835-4305-93CA-EC5A91088679}.Ad-Hoc|Any CPU.ActiveCfg = Release|Any CPU
		{D6F16B9C-1835-4305-93CA-EC5A91088679}.Ad-Hoc|Any CPU.Build.0 = Release|Any CPU
		{D6F16B9C-1835-4305-93CA-EC5A91088679}.Ad-Hoc|ARM.ActiveCfg = Release|Any CPU
		{D6F16B9C-1835-4305-93CA-EC5A91088679}.Ad-Hoc|ARM.Build.0 = Release|Any CPU
		{D6F16B9C-1835-4305-93CA-EC5A91088679}.Ad-Hoc|iPhone.ActiveCfg = Release|Any CPU
		{D6F16B9C-1835-4305-93CA-EC5A91088679}.Ad-Hoc|iPhone.Build.0 = Release|Any CPU
		{D6F16B9C-1835-4305-93CA-EC5A91088679}.Ad-Hoc|iPhoneSimulator.ActiveCfg = Release|Any CPU
		{D6F16B9C-1835-4305-93CA-EC5A91088679}.Ad-Hoc|iPhoneSimulator.Build.0 = Release|Any CPU
		{D6F16B9C-1835-4305-93CA-EC5A91088679}.Ad-Hoc|x64.ActiveCfg = Release|Any CPU
		{D6F16B9C-1835-4305-93CA-EC5A91088679}.Ad-Hoc|x64.Build.0 = Release|Any CPU
		{D6F16B9C-1835-4305-93CA-EC5A91088679}.Ad-Hoc|x86.ActiveCfg = Release|Any CPU
		{D6F16B9C-1835-4305-93CA-EC5A91088679}.Ad-Hoc|x86.Build.0 = Release|Any CPU
		{D6F16B9C-1835-4305-93CA-EC5A91088679}.AppStore|Any CPU.ActiveCfg = Release|Any CPU
		{D6F16B9C-1835-4305-93CA-EC5A91088679}.AppStore|Any CPU.Build.0 = Release|Any CPU
		{D6F16B9C-1835-4305-93CA-EC5A91088679}.AppStore|ARM.ActiveCfg = Release|Any CPU
		{D6F16B9C-1835-4305-93CA-EC5A91088679}.AppStore|ARM.Build.0 = Release|Any CPU
		{D6F16B9C-1835-4305-93CA-EC5A91088679}.AppStore|iPhone.ActiveCfg = Release|Any CPU
		{D6F16B9C-1835-4305-93CA-EC5A91088679}.AppStore|iPhone.Build.0 = Release|Any CPU
		{D6F16B9C-1835-4305-93CA-EC5A91088679}.AppStore|iPhoneSimulator.ActiveCfg = Release|Any CPU
		{D6F16B9C-1835-4305-93CA-EC5A91088679}.AppStore|iPhoneSimulator.Build.0 = Release|Any CPU
		{D6F16B9C-1835-4305-93CA-EC5A91088679}.AppStore|x64.ActiveCfg = Release|Any CPU
		{D6F16B9C-1835-4305-93CA-EC5A91088679}.AppStore|x64.Build.0 = Release|Any CPU
		{D6F16B9C-1835-4305-93CA-EC5A91088679}.AppStore|x86.ActiveCfg = Release|Any CPU
		{D6F16B9C-1835-4305-93CA-EC5A91088679}.AppStore|x86.Build.0 = Release|Any CPU
		{D6F16B9C-1835-4305-93CA-EC5A91088679}.Debug|Any CPU.ActiveCfg = Debug|Any CPU
		{D6F16B9C-1835-4305-93CA-EC5A91088679}.Debug|Any CPU.Build.0 = Debug|Any CPU
		{D6F16B9C-1835-4305-93CA-EC5A91088679}.Debug|ARM.ActiveCfg = Debug|Any CPU
		{D6F16B9C-1835-4305-93CA-EC5A91088679}.Debug|ARM.Build.0 = Debug|Any CPU
		{D6F16B9C-1835-4305-93CA-EC5A91088679}.Debug|iPhone.ActiveCfg = Debug|Any CPU
		{D6F16B9C-1835-4305-93CA-EC5A91088679}.Debug|iPhone.Build.0 = Debug|Any CPU
		{D6F16B9C-1835-4305-93CA-EC5A91088679}.Debug|iPhoneSimulator.ActiveCfg = Debug|Any CPU
		{D6F16B9C-1835-4305-93CA-EC5A91088679}.Debug|iPhoneSimulator.Build.0 = Debug|Any CPU
		{D6F16B9C-1835-4305-93CA-EC5A91088679}.Debug|x64.ActiveCfg = Debug|Any CPU
		{D6F16B9C-1835-4305-93CA-EC5A91088679}.Debug|x64.Build.0 = Debug|Any CPU
		{D6F16B9C-1835-4305-93CA-EC5A91088679}.Debug|x86.ActiveCfg = Debug|Any CPU
		{D6F16B9C-1835-4305-93CA-EC5A91088679}.Debug|x86.Build.0 = Debug|Any CPU
		{D6F16B9C-1835-4305-93CA-EC5A91088679}.Release|Any CPU.ActiveCfg = Release|Any CPU
		{D6F16B9C-1835-4305-93CA-EC5A91088679}.Release|Any CPU.Build.0 = Release|Any CPU
		{D6F16B9C-1835-4305-93CA-EC5A91088679}.Release|ARM.ActiveCfg = Release|Any CPU
		{D6F16B9C-1835-4305-93CA-EC5A91088679}.Release|ARM.Build.0 = Release|Any CPU
		{D6F16B9C-1835-4305-93CA-EC5A91088679}.Release|iPhone.ActiveCfg = Release|Any CPU
		{D6F16B9C-1835-4305-93CA-EC5A91088679}.Release|iPhone.Build.0 = Release|Any CPU
		{D6F16B9C-1835-4305-93CA-EC5A91088679}.Release|iPhoneSimulator.ActiveCfg = Release|Any CPU
		{D6F16B9C-1835-4305-93CA-EC5A91088679}.Release|iPhoneSimulator.Build.0 = Release|Any CPU
		{D6F16B9C-1835-4305-93CA-EC5A91088679}.Release|x64.ActiveCfg = Release|Any CPU
		{D6F16B9C-1835-4305-93CA-EC5A91088679}.Release|x64.Build.0 = Release|Any CPU
		{D6F16B9C-1835-4305-93CA-EC5A91088679}.Release|x86.ActiveCfg = Release|Any CPU
		{D6F16B9C-1835-4305-93CA-EC5A91088679}.Release|x86.Build.0 = Release|Any CPU
		{2E5DA7FC-3D2F-41EA-869E-C50101EB459E}.Ad-Hoc|Any CPU.ActiveCfg = Release|Any CPU
		{2E5DA7FC-3D2F-41EA-869E-C50101EB459E}.Ad-Hoc|Any CPU.Build.0 = Release|Any CPU
		{2E5DA7FC-3D2F-41EA-869E-C50101EB459E}.Ad-Hoc|Any CPU.Deploy.0 = Release|Any CPU
		{2E5DA7FC-3D2F-41EA-869E-C50101EB459E}.Ad-Hoc|ARM.ActiveCfg = Release|Any CPU
		{2E5DA7FC-3D2F-41EA-869E-C50101EB459E}.Ad-Hoc|ARM.Build.0 = Release|Any CPU
		{2E5DA7FC-3D2F-41EA-869E-C50101EB459E}.Ad-Hoc|ARM.Deploy.0 = Release|Any CPU
		{2E5DA7FC-3D2F-41EA-869E-C50101EB459E}.Ad-Hoc|iPhone.ActiveCfg = Release|Any CPU
		{2E5DA7FC-3D2F-41EA-869E-C50101EB459E}.Ad-Hoc|iPhone.Build.0 = Release|Any CPU
		{2E5DA7FC-3D2F-41EA-869E-C50101EB459E}.Ad-Hoc|iPhone.Deploy.0 = Release|Any CPU
		{2E5DA7FC-3D2F-41EA-869E-C50101EB459E}.Ad-Hoc|iPhoneSimulator.ActiveCfg = Release|Any CPU
		{2E5DA7FC-3D2F-41EA-869E-C50101EB459E}.Ad-Hoc|iPhoneSimulator.Build.0 = Release|Any CPU
		{2E5DA7FC-3D2F-41EA-869E-C50101EB459E}.Ad-Hoc|iPhoneSimulator.Deploy.0 = Release|Any CPU
		{2E5DA7FC-3D2F-41EA-869E-C50101EB459E}.Ad-Hoc|x64.ActiveCfg = Release|Any CPU
		{2E5DA7FC-3D2F-41EA-869E-C50101EB459E}.Ad-Hoc|x64.Build.0 = Release|Any CPU
		{2E5DA7FC-3D2F-41EA-869E-C50101EB459E}.Ad-Hoc|x64.Deploy.0 = Release|Any CPU
		{2E5DA7FC-3D2F-41EA-869E-C50101EB459E}.Ad-Hoc|x86.ActiveCfg = Release|Any CPU
		{2E5DA7FC-3D2F-41EA-869E-C50101EB459E}.Ad-Hoc|x86.Build.0 = Release|Any CPU
		{2E5DA7FC-3D2F-41EA-869E-C50101EB459E}.Ad-Hoc|x86.Deploy.0 = Release|Any CPU
		{2E5DA7FC-3D2F-41EA-869E-C50101EB459E}.AppStore|Any CPU.ActiveCfg = Release|Any CPU
		{2E5DA7FC-3D2F-41EA-869E-C50101EB459E}.AppStore|Any CPU.Build.0 = Release|Any CPU
		{2E5DA7FC-3D2F-41EA-869E-C50101EB459E}.AppStore|Any CPU.Deploy.0 = Release|Any CPU
		{2E5DA7FC-3D2F-41EA-869E-C50101EB459E}.AppStore|ARM.ActiveCfg = Release|Any CPU
		{2E5DA7FC-3D2F-41EA-869E-C50101EB459E}.AppStore|ARM.Build.0 = Release|Any CPU
		{2E5DA7FC-3D2F-41EA-869E-C50101EB459E}.AppStore|ARM.Deploy.0 = Release|Any CPU
		{2E5DA7FC-3D2F-41EA-869E-C50101EB459E}.AppStore|iPhone.ActiveCfg = Release|Any CPU
		{2E5DA7FC-3D2F-41EA-869E-C50101EB459E}.AppStore|iPhone.Build.0 = Release|Any CPU
		{2E5DA7FC-3D2F-41EA-869E-C50101EB459E}.AppStore|iPhone.Deploy.0 = Release|Any CPU
		{2E5DA7FC-3D2F-41EA-869E-C50101EB459E}.AppStore|iPhoneSimulator.ActiveCfg = Release|Any CPU
		{2E5DA7FC-3D2F-41EA-869E-C50101EB459E}.AppStore|iPhoneSimulator.Build.0 = Release|Any CPU
		{2E5DA7FC-3D2F-41EA-869E-C50101EB459E}.AppStore|iPhoneSimulator.Deploy.0 = Release|Any CPU
		{2E5DA7FC-3D2F-41EA-869E-C50101EB459E}.AppStore|x64.ActiveCfg = Release|Any CPU
		{2E5DA7FC-3D2F-41EA-869E-C50101EB459E}.AppStore|x64.Build.0 = Release|Any CPU
		{2E5DA7FC-3D2F-41EA-869E-C50101EB459E}.AppStore|x64.Deploy.0 = Release|Any CPU
		{2E5DA7FC-3D2F-41EA-869E-C50101EB459E}.AppStore|x86.ActiveCfg = Release|Any CPU
		{2E5DA7FC-3D2F-41EA-869E-C50101EB459E}.AppStore|x86.Build.0 = Release|Any CPU
		{2E5DA7FC-3D2F-41EA-869E-C50101EB459E}.AppStore|x86.Deploy.0 = Release|Any CPU
		{2E5DA7FC-3D2F-41EA-869E-C50101EB459E}.Debug|Any CPU.ActiveCfg = Debug|Any CPU
		{2E5DA7FC-3D2F-41EA-869E-C50101EB459E}.Debug|Any CPU.Build.0 = Debug|Any CPU
		{2E5DA7FC-3D2F-41EA-869E-C50101EB459E}.Debug|Any CPU.Deploy.0 = Debug|Any CPU
		{2E5DA7FC-3D2F-41EA-869E-C50101EB459E}.Debug|ARM.ActiveCfg = Debug|Any CPU
		{2E5DA7FC-3D2F-41EA-869E-C50101EB459E}.Debug|ARM.Build.0 = Debug|Any CPU
		{2E5DA7FC-3D2F-41EA-869E-C50101EB459E}.Debug|ARM.Deploy.0 = Debug|Any CPU
		{2E5DA7FC-3D2F-41EA-869E-C50101EB459E}.Debug|iPhone.ActiveCfg = Debug|Any CPU
		{2E5DA7FC-3D2F-41EA-869E-C50101EB459E}.Debug|iPhone.Build.0 = Debug|Any CPU
		{2E5DA7FC-3D2F-41EA-869E-C50101EB459E}.Debug|iPhone.Deploy.0 = Debug|Any CPU
		{2E5DA7FC-3D2F-41EA-869E-C50101EB459E}.Debug|iPhoneSimulator.ActiveCfg = Debug|Any CPU
		{2E5DA7FC-3D2F-41EA-869E-C50101EB459E}.Debug|iPhoneSimulator.Build.0 = Debug|Any CPU
		{2E5DA7FC-3D2F-41EA-869E-C50101EB459E}.Debug|iPhoneSimulator.Deploy.0 = Debug|Any CPU
		{2E5DA7FC-3D2F-41EA-869E-C50101EB459E}.Debug|x64.ActiveCfg = Debug|Any CPU
		{2E5DA7FC-3D2F-41EA-869E-C50101EB459E}.Debug|x64.Build.0 = Debug|Any CPU
		{2E5DA7FC-3D2F-41EA-869E-C50101EB459E}.Debug|x64.Deploy.0 = Debug|Any CPU
		{2E5DA7FC-3D2F-41EA-869E-C50101EB459E}.Debug|x86.ActiveCfg = Debug|Any CPU
		{2E5DA7FC-3D2F-41EA-869E-C50101EB459E}.Debug|x86.Build.0 = Debug|Any CPU
		{2E5DA7FC-3D2F-41EA-869E-C50101EB459E}.Debug|x86.Deploy.0 = Debug|Any CPU
		{2E5DA7FC-3D2F-41EA-869E-C50101EB459E}.Release|Any CPU.ActiveCfg = Release|Any CPU
		{2E5DA7FC-3D2F-41EA-869E-C50101EB459E}.Release|Any CPU.Build.0 = Release|Any CPU
		{2E5DA7FC-3D2F-41EA-869E-C50101EB459E}.Release|Any CPU.Deploy.0 = Release|Any CPU
		{2E5DA7FC-3D2F-41EA-869E-C50101EB459E}.Release|ARM.ActiveCfg = Release|Any CPU
		{2E5DA7FC-3D2F-41EA-869E-C50101EB459E}.Release|ARM.Build.0 = Release|Any CPU
		{2E5DA7FC-3D2F-41EA-869E-C50101EB459E}.Release|ARM.Deploy.0 = Release|Any CPU
		{2E5DA7FC-3D2F-41EA-869E-C50101EB459E}.Release|iPhone.ActiveCfg = Release|Any CPU
		{2E5DA7FC-3D2F-41EA-869E-C50101EB459E}.Release|iPhone.Build.0 = Release|Any CPU
		{2E5DA7FC-3D2F-41EA-869E-C50101EB459E}.Release|iPhone.Deploy.0 = Release|Any CPU
		{2E5DA7FC-3D2F-41EA-869E-C50101EB459E}.Release|iPhoneSimulator.ActiveCfg = Release|Any CPU
		{2E5DA7FC-3D2F-41EA-869E-C50101EB459E}.Release|iPhoneSimulator.Build.0 = Release|Any CPU
		{2E5DA7FC-3D2F-41EA-869E-C50101EB459E}.Release|iPhoneSimulator.Deploy.0 = Release|Any CPU
		{2E5DA7FC-3D2F-41EA-869E-C50101EB459E}.Release|x64.ActiveCfg = Release|Any CPU
		{2E5DA7FC-3D2F-41EA-869E-C50101EB459E}.Release|x64.Build.0 = Release|Any CPU
		{2E5DA7FC-3D2F-41EA-869E-C50101EB459E}.Release|x64.Deploy.0 = Release|Any CPU
		{2E5DA7FC-3D2F-41EA-869E-C50101EB459E}.Release|x86.ActiveCfg = Release|Any CPU
		{2E5DA7FC-3D2F-41EA-869E-C50101EB459E}.Release|x86.Build.0 = Release|Any CPU
		{2E5DA7FC-3D2F-41EA-869E-C50101EB459E}.Release|x86.Deploy.0 = Release|Any CPU
		{C0745CCA-32D9-4ABA-A4B0-F02C3EEE4DCF}.Ad-Hoc|Any CPU.ActiveCfg = Ad-Hoc|iPhone
		{C0745CCA-32D9-4ABA-A4B0-F02C3EEE4DCF}.Ad-Hoc|ARM.ActiveCfg = Ad-Hoc|iPhone
		{C0745CCA-32D9-4ABA-A4B0-F02C3EEE4DCF}.Ad-Hoc|iPhone.ActiveCfg = Ad-Hoc|iPhone
		{C0745CCA-32D9-4ABA-A4B0-F02C3EEE4DCF}.Ad-Hoc|iPhone.Build.0 = Ad-Hoc|iPhone
		{C0745CCA-32D9-4ABA-A4B0-F02C3EEE4DCF}.Ad-Hoc|iPhoneSimulator.ActiveCfg = Ad-Hoc|iPhoneSimulator
		{C0745CCA-32D9-4ABA-A4B0-F02C3EEE4DCF}.Ad-Hoc|iPhoneSimulator.Build.0 = Ad-Hoc|iPhoneSimulator
		{C0745CCA-32D9-4ABA-A4B0-F02C3EEE4DCF}.Ad-Hoc|x64.ActiveCfg = Ad-Hoc|iPhone
		{C0745CCA-32D9-4ABA-A4B0-F02C3EEE4DCF}.Ad-Hoc|x86.ActiveCfg = Ad-Hoc|iPhone
		{C0745CCA-32D9-4ABA-A4B0-F02C3EEE4DCF}.AppStore|Any CPU.ActiveCfg = AppStore|iPhone
		{C0745CCA-32D9-4ABA-A4B0-F02C3EEE4DCF}.AppStore|ARM.ActiveCfg = AppStore|iPhone
		{C0745CCA-32D9-4ABA-A4B0-F02C3EEE4DCF}.AppStore|iPhone.ActiveCfg = AppStore|iPhone
		{C0745CCA-32D9-4ABA-A4B0-F02C3EEE4DCF}.AppStore|iPhone.Build.0 = AppStore|iPhone
		{C0745CCA-32D9-4ABA-A4B0-F02C3EEE4DCF}.AppStore|iPhoneSimulator.ActiveCfg = AppStore|iPhoneSimulator
		{C0745CCA-32D9-4ABA-A4B0-F02C3EEE4DCF}.AppStore|iPhoneSimulator.Build.0 = AppStore|iPhoneSimulator
		{C0745CCA-32D9-4ABA-A4B0-F02C3EEE4DCF}.AppStore|x64.ActiveCfg = AppStore|iPhone
		{C0745CCA-32D9-4ABA-A4B0-F02C3EEE4DCF}.AppStore|x86.ActiveCfg = AppStore|iPhone
		{C0745CCA-32D9-4ABA-A4B0-F02C3EEE4DCF}.Debug|Any CPU.ActiveCfg = Debug|iPhone
		{C0745CCA-32D9-4ABA-A4B0-F02C3EEE4DCF}.Debug|ARM.ActiveCfg = Debug|iPhone
		{C0745CCA-32D9-4ABA-A4B0-F02C3EEE4DCF}.Debug|iPhone.ActiveCfg = Debug|iPhone
		{C0745CCA-32D9-4ABA-A4B0-F02C3EEE4DCF}.Debug|iPhone.Build.0 = Debug|iPhone
		{C0745CCA-32D9-4ABA-A4B0-F02C3EEE4DCF}.Debug|iPhoneSimulator.ActiveCfg = Debug|iPhoneSimulator
		{C0745CCA-32D9-4ABA-A4B0-F02C3EEE4DCF}.Debug|iPhoneSimulator.Build.0 = Debug|iPhoneSimulator
		{C0745CCA-32D9-4ABA-A4B0-F02C3EEE4DCF}.Debug|x64.ActiveCfg = Debug|iPhone
		{C0745CCA-32D9-4ABA-A4B0-F02C3EEE4DCF}.Debug|x86.ActiveCfg = Debug|iPhone
		{C0745CCA-32D9-4ABA-A4B0-F02C3EEE4DCF}.Release|Any CPU.ActiveCfg = Release|iPhone
		{C0745CCA-32D9-4ABA-A4B0-F02C3EEE4DCF}.Release|ARM.ActiveCfg = Release|iPhone
		{C0745CCA-32D9-4ABA-A4B0-F02C3EEE4DCF}.Release|iPhone.ActiveCfg = Release|iPhone
		{C0745CCA-32D9-4ABA-A4B0-F02C3EEE4DCF}.Release|iPhone.Build.0 = Release|iPhone
		{C0745CCA-32D9-4ABA-A4B0-F02C3EEE4DCF}.Release|iPhoneSimulator.ActiveCfg = Release|iPhoneSimulator
		{C0745CCA-32D9-4ABA-A4B0-F02C3EEE4DCF}.Release|iPhoneSimulator.Build.0 = Release|iPhoneSimulator
		{C0745CCA-32D9-4ABA-A4B0-F02C3EEE4DCF}.Release|x64.ActiveCfg = Release|iPhone
		{C0745CCA-32D9-4ABA-A4B0-F02C3EEE4DCF}.Release|x86.ActiveCfg = Release|iPhone
		{E1B44041-5E0D-4EDA-A695-3A97E5611982}.Ad-Hoc|Any CPU.ActiveCfg = Release|x86
		{E1B44041-5E0D-4EDA-A695-3A97E5611982}.Ad-Hoc|Any CPU.Build.0 = Release|x86
		{E1B44041-5E0D-4EDA-A695-3A97E5611982}.Ad-Hoc|Any CPU.Deploy.0 = Release|x86
		{E1B44041-5E0D-4EDA-A695-3A97E5611982}.Ad-Hoc|ARM.ActiveCfg = Release|ARM
		{E1B44041-5E0D-4EDA-A695-3A97E5611982}.Ad-Hoc|ARM.Build.0 = Release|ARM
		{E1B44041-5E0D-4EDA-A695-3A97E5611982}.Ad-Hoc|ARM.Deploy.0 = Release|ARM
		{E1B44041-5E0D-4EDA-A695-3A97E5611982}.Ad-Hoc|iPhone.ActiveCfg = Release|x86
		{E1B44041-5E0D-4EDA-A695-3A97E5611982}.Ad-Hoc|iPhone.Build.0 = Release|x86
		{E1B44041-5E0D-4EDA-A695-3A97E5611982}.Ad-Hoc|iPhone.Deploy.0 = Release|x86
		{E1B44041-5E0D-4EDA-A695-3A97E5611982}.Ad-Hoc|iPhoneSimulator.ActiveCfg = Release|x86
		{E1B44041-5E0D-4EDA-A695-3A97E5611982}.Ad-Hoc|iPhoneSimulator.Build.0 = Release|x86
		{E1B44041-5E0D-4EDA-A695-3A97E5611982}.Ad-Hoc|iPhoneSimulator.Deploy.0 = Release|x86
		{E1B44041-5E0D-4EDA-A695-3A97E5611982}.Ad-Hoc|x64.ActiveCfg = Release|x64
		{E1B44041-5E0D-4EDA-A695-3A97E5611982}.Ad-Hoc|x64.Build.0 = Release|x64
		{E1B44041-5E0D-4EDA-A695-3A97E5611982}.Ad-Hoc|x64.Deploy.0 = Release|x64
		{E1B44041-5E0D-4EDA-A695-3A97E5611982}.Ad-Hoc|x86.ActiveCfg = Release|x86
		{E1B44041-5E0D-4EDA-A695-3A97E5611982}.Ad-Hoc|x86.Build.0 = Release|x86
		{E1B44041-5E0D-4EDA-A695-3A97E5611982}.Ad-Hoc|x86.Deploy.0 = Release|x86
		{E1B44041-5E0D-4EDA-A695-3A97E5611982}.AppStore|Any CPU.ActiveCfg = Release|x86
		{E1B44041-5E0D-4EDA-A695-3A97E5611982}.AppStore|Any CPU.Build.0 = Release|x86
		{E1B44041-5E0D-4EDA-A695-3A97E5611982}.AppStore|Any CPU.Deploy.0 = Release|x86
		{E1B44041-5E0D-4EDA-A695-3A97E5611982}.AppStore|ARM.ActiveCfg = Release|ARM
		{E1B44041-5E0D-4EDA-A695-3A97E5611982}.AppStore|ARM.Build.0 = Release|ARM
		{E1B44041-5E0D-4EDA-A695-3A97E5611982}.AppStore|ARM.Deploy.0 = Release|ARM
		{E1B44041-5E0D-4EDA-A695-3A97E5611982}.AppStore|iPhone.ActiveCfg = Release|x86
		{E1B44041-5E0D-4EDA-A695-3A97E5611982}.AppStore|iPhone.Build.0 = Release|x86
		{E1B44041-5E0D-4EDA-A695-3A97E5611982}.AppStore|iPhone.Deploy.0 = Release|x86
		{E1B44041-5E0D-4EDA-A695-3A97E5611982}.AppStore|iPhoneSimulator.ActiveCfg = Release|x86
		{E1B44041-5E0D-4EDA-A695-3A97E5611982}.AppStore|iPhoneSimulator.Build.0 = Release|x86
		{E1B44041-5E0D-4EDA-A695-3A97E5611982}.AppStore|iPhoneSimulator.Deploy.0 = Release|x86
		{E1B44041-5E0D-4EDA-A695-3A97E5611982}.AppStore|x64.ActiveCfg = Release|x64
		{E1B44041-5E0D-4EDA-A695-3A97E5611982}.AppStore|x64.Build.0 = Release|x64
		{E1B44041-5E0D-4EDA-A695-3A97E5611982}.AppStore|x64.Deploy.0 = Release|x64
		{E1B44041-5E0D-4EDA-A695-3A97E5611982}.AppStore|x86.ActiveCfg = Release|x86
		{E1B44041-5E0D-4EDA-A695-3A97E5611982}.AppStore|x86.Build.0 = Release|x86
		{E1B44041-5E0D-4EDA-A695-3A97E5611982}.AppStore|x86.Deploy.0 = Release|x86
		{E1B44041-5E0D-4EDA-A695-3A97E5611982}.Debug|Any CPU.ActiveCfg = Debug|x86
		{E1B44041-5E0D-4EDA-A695-3A97E5611982}.Debug|ARM.ActiveCfg = Debug|ARM
		{E1B44041-5E0D-4EDA-A695-3A97E5611982}.Debug|ARM.Build.0 = Debug|ARM
		{E1B44041-5E0D-4EDA-A695-3A97E5611982}.Debug|ARM.Deploy.0 = Debug|ARM
		{E1B44041-5E0D-4EDA-A695-3A97E5611982}.Debug|iPhone.ActiveCfg = Debug|x86
		{E1B44041-5E0D-4EDA-A695-3A97E5611982}.Debug|iPhoneSimulator.ActiveCfg = Debug|x86
		{E1B44041-5E0D-4EDA-A695-3A97E5611982}.Debug|x64.ActiveCfg = Debug|x64
		{E1B44041-5E0D-4EDA-A695-3A97E5611982}.Debug|x64.Build.0 = Debug|x64
		{E1B44041-5E0D-4EDA-A695-3A97E5611982}.Debug|x64.Deploy.0 = Debug|x64
		{E1B44041-5E0D-4EDA-A695-3A97E5611982}.Debug|x86.ActiveCfg = Debug|x86
		{E1B44041-5E0D-4EDA-A695-3A97E5611982}.Debug|x86.Build.0 = Debug|x86
		{E1B44041-5E0D-4EDA-A695-3A97E5611982}.Debug|x86.Deploy.0 = Debug|x86
		{E1B44041-5E0D-4EDA-A695-3A97E5611982}.Release|Any CPU.ActiveCfg = Release|x86
		{E1B44041-5E0D-4EDA-A695-3A97E5611982}.Release|ARM.ActiveCfg = Release|ARM
		{E1B44041-5E0D-4EDA-A695-3A97E5611982}.Release|ARM.Build.0 = Release|ARM
		{E1B44041-5E0D-4EDA-A695-3A97E5611982}.Release|ARM.Deploy.0 = Release|ARM
		{E1B44041-5E0D-4EDA-A695-3A97E5611982}.Release|iPhone.ActiveCfg = Release|x86
		{E1B44041-5E0D-4EDA-A695-3A97E5611982}.Release|iPhoneSimulator.ActiveCfg = Release|x86
		{E1B44041-5E0D-4EDA-A695-3A97E5611982}.Release|x64.ActiveCfg = Release|x64
		{E1B44041-5E0D-4EDA-A695-3A97E5611982}.Release|x64.Build.0 = Release|x64
		{E1B44041-5E0D-4EDA-A695-3A97E5611982}.Release|x64.Deploy.0 = Release|x64
		{E1B44041-5E0D-4EDA-A695-3A97E5611982}.Release|x86.ActiveCfg = Release|x86
		{E1B44041-5E0D-4EDA-A695-3A97E5611982}.Release|x86.Build.0 = Release|x86
		{E1B44041-5E0D-4EDA-A695-3A97E5611982}.Release|x86.Deploy.0 = Release|x86
		{E0BCD1CB-11F9-4A26-82AF-56A437358548}.Ad-Hoc|Any CPU.ActiveCfg = Debug|Any CPU
		{E0BCD1CB-11F9-4A26-82AF-56A437358548}.Ad-Hoc|Any CPU.Build.0 = Debug|Any CPU
		{E0BCD1CB-11F9-4A26-82AF-56A437358548}.Ad-Hoc|ARM.ActiveCfg = Debug|Any CPU
		{E0BCD1CB-11F9-4A26-82AF-56A437358548}.Ad-Hoc|ARM.Build.0 = Debug|Any CPU
		{E0BCD1CB-11F9-4A26-82AF-56A437358548}.Ad-Hoc|iPhone.ActiveCfg = Debug|Any CPU
		{E0BCD1CB-11F9-4A26-82AF-56A437358548}.Ad-Hoc|iPhone.Build.0 = Debug|Any CPU
		{E0BCD1CB-11F9-4A26-82AF-56A437358548}.Ad-Hoc|iPhoneSimulator.ActiveCfg = Debug|Any CPU
		{E0BCD1CB-11F9-4A26-82AF-56A437358548}.Ad-Hoc|iPhoneSimulator.Build.0 = Debug|Any CPU
		{E0BCD1CB-11F9-4A26-82AF-56A437358548}.Ad-Hoc|x64.ActiveCfg = Debug|Any CPU
		{E0BCD1CB-11F9-4A26-82AF-56A437358548}.Ad-Hoc|x64.Build.0 = Debug|Any CPU
		{E0BCD1CB-11F9-4A26-82AF-56A437358548}.Ad-Hoc|x86.ActiveCfg = Debug|Any CPU
		{E0BCD1CB-11F9-4A26-82AF-56A437358548}.Ad-Hoc|x86.Build.0 = Debug|Any CPU
		{E0BCD1CB-11F9-4A26-82AF-56A437358548}.AppStore|Any CPU.ActiveCfg = Debug|Any CPU
		{E0BCD1CB-11F9-4A26-82AF-56A437358548}.AppStore|Any CPU.Build.0 = Debug|Any CPU
		{E0BCD1CB-11F9-4A26-82AF-56A437358548}.AppStore|ARM.ActiveCfg = Debug|Any CPU
		{E0BCD1CB-11F9-4A26-82AF-56A437358548}.AppStore|ARM.Build.0 = Debug|Any CPU
		{E0BCD1CB-11F9-4A26-82AF-56A437358548}.AppStore|iPhone.ActiveCfg = Debug|Any CPU
		{E0BCD1CB-11F9-4A26-82AF-56A437358548}.AppStore|iPhone.Build.0 = Debug|Any CPU
		{E0BCD1CB-11F9-4A26-82AF-56A437358548}.AppStore|iPhoneSimulator.ActiveCfg = Debug|Any CPU
		{E0BCD1CB-11F9-4A26-82AF-56A437358548}.AppStore|iPhoneSimulator.Build.0 = Debug|Any CPU
		{E0BCD1CB-11F9-4A26-82AF-56A437358548}.AppStore|x64.ActiveCfg = Debug|Any CPU
		{E0BCD1CB-11F9-4A26-82AF-56A437358548}.AppStore|x64.Build.0 = Debug|Any CPU
		{E0BCD1CB-11F9-4A26-82AF-56A437358548}.AppStore|x86.ActiveCfg = Debug|Any CPU
		{E0BCD1CB-11F9-4A26-82AF-56A437358548}.AppStore|x86.Build.0 = Debug|Any CPU
		{E0BCD1CB-11F9-4A26-82AF-56A437358548}.Debug|Any CPU.ActiveCfg = Debug|Any CPU
		{E0BCD1CB-11F9-4A26-82AF-56A437358548}.Debug|Any CPU.Build.0 = Debug|Any CPU
		{E0BCD1CB-11F9-4A26-82AF-56A437358548}.Debug|ARM.ActiveCfg = Debug|Any CPU
		{E0BCD1CB-11F9-4A26-82AF-56A437358548}.Debug|ARM.Build.0 = Debug|Any CPU
		{E0BCD1CB-11F9-4A26-82AF-56A437358548}.Debug|iPhone.ActiveCfg = Debug|Any CPU
		{E0BCD1CB-11F9-4A26-82AF-56A437358548}.Debug|iPhone.Build.0 = Debug|Any CPU
		{E0BCD1CB-11F9-4A26-82AF-56A437358548}.Debug|iPhoneSimulator.ActiveCfg = Debug|Any CPU
		{E0BCD1CB-11F9-4A26-82AF-56A437358548}.Debug|iPhoneSimulator.Build.0 = Debug|Any CPU
		{E0BCD1CB-11F9-4A26-82AF-56A437358548}.Debug|x64.ActiveCfg = Debug|Any CPU
		{E0BCD1CB-11F9-4A26-82AF-56A437358548}.Debug|x64.Build.0 = Debug|Any CPU
		{E0BCD1CB-11F9-4A26-82AF-56A437358548}.Debug|x86.ActiveCfg = Debug|Any CPU
		{E0BCD1CB-11F9-4A26-82AF-56A437358548}.Debug|x86.Build.0 = Debug|Any CPU
		{E0BCD1CB-11F9-4A26-82AF-56A437358548}.Release|Any CPU.ActiveCfg = Release|Any CPU
		{E0BCD1CB-11F9-4A26-82AF-56A437358548}.Release|Any CPU.Build.0 = Release|Any CPU
		{E0BCD1CB-11F9-4A26-82AF-56A437358548}.Release|ARM.ActiveCfg = Release|Any CPU
		{E0BCD1CB-11F9-4A26-82AF-56A437358548}.Release|ARM.Build.0 = Release|Any CPU
		{E0BCD1CB-11F9-4A26-82AF-56A437358548}.Release|iPhone.ActiveCfg = Release|Any CPU
		{E0BCD1CB-11F9-4A26-82AF-56A437358548}.Release|iPhone.Build.0 = Release|Any CPU
		{E0BCD1CB-11F9-4A26-82AF-56A437358548}.Release|iPhoneSimulator.ActiveCfg = Release|Any CPU
		{E0BCD1CB-11F9-4A26-82AF-56A437358548}.Release|iPhoneSimulator.Build.0 = Release|Any CPU
		{E0BCD1CB-11F9-4A26-82AF-56A437358548}.Release|x64.ActiveCfg = Release|Any CPU
		{E0BCD1CB-11F9-4A26-82AF-56A437358548}.Release|x64.Build.0 = Release|Any CPU
		{E0BCD1CB-11F9-4A26-82AF-56A437358548}.Release|x86.ActiveCfg = Release|Any CPU
		{E0BCD1CB-11F9-4A26-82AF-56A437358548}.Release|x86.Build.0 = Release|Any CPU
	EndGlobalSection
	GlobalSection(SolutionProperties) = preSolution
		HideSolutionNode = FALSE
	EndGlobalSection
	GlobalSection(ExtensibilityGlobals) = postSolution
		SolutionGuid = {AE599FDD-A09D-4094-8EB3-24844272D998}
	EndGlobalSection
EndGlobal
